{
  "name": "terminal-frontend",
  "version": "0.1.0",
  "lockfileVersion": 1,
  "requires": true,
  "dependencies": {
    "react-timeago": {
      "version": "4.4.0",
      "resolved": "https://registry.npmjs.org/react-timeago/-/react-timeago-4.4.0.tgz",
      "integrity": "sha512-Zj8RchTqZEH27LAANemzMR2RpotbP2aMd+UIajfYMZ9KW4dMcViUVKzC7YmqfiqlFfz8B0bjDw2xUBjmcxDngA=="
    }
  }
}
